
Microsoft Visual Studio Solution File, Format Version 12.00
# Visual Studio Version 16
VisualStudioVersion = 16.0.30804.86
MinimumVisualStudioVersion = 10.0.40219.1
Project("{FAE04EC0-301F-11D3-BF4B-00C04F79EFBC}") = "WebapiPersona", "WebapiPersona\WebapiPersona.csproj", "{6C7CB34F-EC08-4F0E-84F1-F9D8B9516E09}"
EndProject
Global
	GlobalSection(SolutionConfigurationPlatforms) = preSolution
		Debug|Any CPU = Debug|Any CPU
		Release|Any CPU = Release|Any CPU
	EndGlobalSection
	GlobalSection(ProjectConfigurationPlatforms) = postSolution
		{6C7CB34F-EC08-4F0E-84F1-F9D8B9516E09}.Debug|Any CPU.ActiveCfg = Debug|Any CPU
		{6C7CB34F-EC08-4F0E-84F1-F9D8B9516E09}.Debug|Any CPU.Build.0 = Debug|Any CPU
		{6C7CB34F-EC08-4F0E-84F1-F9D8B9516E09}.Release|Any CPU.ActiveCfg = Release|Any CPU
		{6C7CB34F-EC08-4F0E-84F1-F9D8B9516E09}.Release|Any CPU.Build.0 = Release|Any CPU
	EndGlobalSection
	GlobalSection(SolutionProperties) = preSolution
		HideSolutionNode = FALSE
	EndGlobalSection
	GlobalSection(ExtensibilityGlobals) = postSolution
		SolutionGuid = {EA5897C4-C47B-4F28-9C5A-51B67A1E8167}
	EndGlobalSection
EndGlobal
